// !$*UTF8*$!
{
	archiveVersion = 1;
	classes = {
	};
	objectVersion = 56;
	objects = {

/* Begin PBXBuildFile section */
		11603D3F2B7CC87500AEB598 /* AppDelegate.swift in Sources */ = {isa = PBXBuildFile; fileRef = 11603D3E2B7CC87500AEB598 /* AppDelegate.swift */; };
		11603D412B7CC87500AEB598 /* SceneDelegate.swift in Sources */ = {isa = PBXBuildFile; fileRef = 11603D402B7CC87500AEB598 /* SceneDelegate.swift */; };
		11603D432B7CC87500AEB598 /* Anasayfa.swift in Sources */ = {isa = PBXBuildFile; fileRef = 11603D422B7CC87500AEB598 /* Anasayfa.swift */; };
		11603D462B7CC87500AEB598 /* Main.storyboard in Resources */ = {isa = PBXBuildFile; fileRef = 11603D442B7CC87500AEB598 /* Main.storyboard */; };
		11603D482B7CC87600AEB598 /* Assets.xcassets in Resources */ = {isa = PBXBuildFile; fileRef = 11603D472B7CC87600AEB598 /* Assets.xcassets */; };
		11603D4B2B7CC87600AEB598 /* LaunchScreen.storyboard in Resources */ = {isa = PBXBuildFile; fileRef = 11603D492B7CC87600AEB598 /* LaunchScreen.storyboard */; };
		11603D582B7D09D400AEB598 /* Categories.swift in Sources */ = {isa = PBXBuildFile; fileRef = 11603D572B7D09D400AEB598 /* Categories.swift */; };
		11603D5C2B7D187600AEB598 /* CategoriesCell.swift in Sources */ = {isa = PBXBuildFile; fileRef = 11603D5B2B7D187600AEB598 /* CategoriesCell.swift */; };
/* End PBXBuildFile section */

/* Begin PBXFileReference section */
		11603D3B2B7CC87500AEB598 /* GetirApp.app */ = {isa = PBXFileReference; explicitFileType = wrapper.application; includeInIndex = 0; path = GetirApp.app; sourceTree = BUILT_PRODUCTS_DIR; };
		11603D3E2B7CC87500AEB598 /* AppDelegate.swift */ = {isa = PBXFileReference; lastKnownFileType = sourcecode.swift; path = AppDelegate.swift; sourceTree = "<group>"; };
		11603D402B7CC87500AEB598 /* SceneDelegate.swift */ = {isa = PBXFileReference; lastKnownFileType = sourcecode.swift; path = SceneDelegate.swift; sourceTree = "<group>"; };
		11603D422B7CC87500AEB598 /* Anasayfa.swift */ = {isa = PBXFileReference; lastKnownFileType = sourcecode.swift; path = Anasayfa.swift; sourceTree = "<group>"; };
		11603D452B7CC87500AEB598 /* Base */ = {isa = PBXFileReference; lastKnownFileType = file.storyboard; name = Base; path = Base.lproj/Main.storyboard; sourceTree = "<group>"; };
		11603D472B7CC87600AEB598 /* Assets.xcassets */ = {isa = PBXFileReference; lastKnownFileType = folder.assetcatalog; path = Assets.xcassets; sourceTree = "<group>"; };
		11603D4A2B7CC87600AEB598 /* Base */ = {isa = PBXFileReference; lastKnownFileType = file.storyboard; name = Base; path = Base.lproj/LaunchScreen.storyboard; sourceTree = "<group>"; };
		11603D4C2B7CC87700AEB598 /* Info.plist */ = {isa = PBXFileReference; lastKnownFileType = text.plist.xml; path = Info.plist; sourceTree = "<group>"; };
		11603D572B7D09D400AEB598 /* Categories.swift */ = {isa = PBXFileReference; lastKnownFileType = sourcecode.swift; path = Categories.swift; sourceTree = "<group>"; };
		11603D5B2B7D187600AEB598 /* CategoriesCell.swift */ = {isa = PBXFileReference; lastKnownFileType = sourcecode.swift; path = CategoriesCell.swift; sourceTree = "<group>"; };
		11603D5E2B7E084000AEB598 /* BalooBhaijaan2.ttf */ = {isa = PBXFileReference; lastKnownFileType = file; path = BalooBhaijaan2.ttf; sourceTree = "<group>"; };
/* End PBXFileReference section */

/* Begin PBXFrameworksBuildPhase section */
		11603D382B7CC87500AEB598 /* Frameworks */ = {
			isa = PBXFrameworksBuildPhase;
			buildActionMask = 2147483647;
			files = (
			);
			runOnlyForDeploymentPostprocessing = 0;
		};
/* End PBXFrameworksBuildPhase section */

/* Begin PBXGroup section */
		11603D322B7CC87400AEB598 = {
			isa = PBXGroup;
			children = (
				11603D3D2B7CC87500AEB598 /* GetirApp */,
				11603D3C2B7CC87500AEB598 /* Products */,
			);
			sourceTree = "<group>";
		};
		11603D3C2B7CC87500AEB598 /* Products */ = {
			isa = PBXGroup;
			children = (
				11603D3B2B7CC87500AEB598 /* GetirApp.app */,
			);
			name = Products;
			sourceTree = "<group>";
		};
		11603D3D2B7CC87500AEB598 /* GetirApp */ = {
			isa = PBXGroup;
			children = (
				11603D3E2B7CC87500AEB598 /* AppDelegate.swift */,
				11603D402B7CC87500AEB598 /* SceneDelegate.swift */,
				11603D532B7CC88800AEB598 /* ui */,
				11603D522B7CC87F00AEB598 /* data */,
				11603D442B7CC87500AEB598 /* Main.storyboard */,
				11603D472B7CC87600AEB598 /* Assets.xcassets */,
				11603D5D2B7E083000AEB598 /* Fonts */,
				11603D492B7CC87600AEB598 /* LaunchScreen.storyboard */,
				11603D4C2B7CC87700AEB598 /* Info.plist */,
			);
			path = GetirApp;
			sourceTree = "<group>";
		};
		11603D522B7CC87F00AEB598 /* data */ = {
			isa = PBXGroup;
			children = (
				11603D552B7CC89A00AEB598 /* entity */,
			);
			path = data;
			sourceTree = "<group>";
		};
		11603D532B7CC88800AEB598 /* ui */ = {
			isa = PBXGroup;
			children = (
				11603D562B7CC8B000AEB598 /* collectionView */,
				11603D542B7CC88E00AEB598 /* views */,
			);
			path = ui;
			sourceTree = "<group>";
		};
		11603D542B7CC88E00AEB598 /* views */ = {
			isa = PBXGroup;
			children = (
				11603D422B7CC87500AEB598 /* Anasayfa.swift */,
			);
			path = views;
			sourceTree = "<group>";
		};
		11603D552B7CC89A00AEB598 /* entity */ = {
			isa = PBXGroup;
			children = (
				11603D572B7D09D400AEB598 /* Categories.swift */,
			);
			path = entity;
			sourceTree = "<group>";
		};
		11603D562B7CC8B000AEB598 /* collectionView */ = {
			isa = PBXGroup;
			children = (
				11603D5B2B7D187600AEB598 /* CategoriesCell.swift */,
			);
			path = collectionView;
			sourceTree = "<group>";
		};
		11603D5D2B7E083000AEB598 /* Fonts */ = {
			isa = PBXGroup;
			children = (
				11603D5E2B7E084000AEB598 /* BalooBhaijaan2.ttf */,
			);
			path = Fonts;
			sourceTree = "<group>";
		};
/* End PBXGroup section */

/* Begin PBXNativeTarget section */
		11603D3A2B7CC87500AEB598 /* GetirApp */ = {
			isa = PBXNativeTarget;
			buildConfigurationList = 11603D4F2B7CC87700AEB598 /* Build configuration list for PBXNativeTarget "GetirApp" */;
			buildPhases = (
				11603D372B7CC87500AEB598 /* Sources */,
				11603D382B7CC87500AEB598 /* Frameworks */,
				11603D392B7CC87500AEB598 /* Resources */,
			);
			buildRules = (
			);
			dependencies = (
			);
			name = GetirApp;
			productName = GetirApp;
			productReference = 11603D3B2B7CC87500AEB598 /* GetirApp.app */;
			productType = "com.apple.product-type.application";
		};
/* End PBXNativeTarget section */

/* Begin PBXProject section */
		11603D332B7CC87400AEB598 /* Project object */ = {
			isa = PBXProject;
			attributes = {
				BuildIndependentTargetsInParallel = 1;
				LastSwiftUpdateCheck = 1520;
				LastUpgradeCheck = 1520;
				TargetAttributes = {
					11603D3A2B7CC87500AEB598 = {
						CreatedOnToolsVersion = 15.2;
					};
				};
			};
			buildConfigurationList = 11603D362B7CC87400AEB598 /* Build configuration list for PBXProject "GetirApp" */;
			compatibilityVersion = "Xcode 14.0";
			developmentRegion = en;
			hasScannedForEncodings = 0;
			knownRegions = (
				en,
				Base,
			);
			mainGroup = 11603D322B7CC87400AEB598;
			productRefGroup = 11603D3C2B7CC87500AEB598 /* Products */;
			projectDirPath = "";
			projectRoot = "";
			targets = (
				11603D3A2B7CC87500AEB598 /* GetirApp */,
			);
		};
/* End PBXProject section */

/* Begin PBXResourcesBuildPhase section */
		11603D392B7CC87500AEB598 /* Resources */ = {
			isa = PBXResourcesBuildPhase;
			buildActionMask = 2147483647;
			files = (
				11603D4B2B7CC87600AEB598 /* LaunchScreen.storyboard in Resources */,
				11603D482B7CC87600AEB598 /* Assets.xcassets in Resources */,
				11603D462B7CC87500AEB598 /* Main.storyboard in Resources */,
			);
			runOnlyForDeploymentPostprocessing = 0;
		};
/* End PBXResourcesBuildPhase section */

/* Begin PBXSourcesBuildPhase section */
		11603D372B7CC87500AEB598 /* Sources */ = {
			isa = PBXSourcesBuildPhase;
			buildActionMask = 2147483647;
			files = (
				11603D5C2B7D187600AEB598 /* CategoriesCell.swift in Sources */,
				11603D432B7CC87500AEB598 /* Anasayfa.swift in Sources */,
				11603D582B7D09D400AEB598 /* Categories.swift in Sources */,
				11603D3F2B7CC87500AEB598 /* AppDelegate.swift in Sources */,
				11603D412B7CC87500AEB598 /* SceneDelegate.swift in Sources */,
			);
			runOnlyForDeploymentPostprocessing = 0;
		};
/* End PBXSourcesBuildPhase section */

/* Begin PBXVariantGroup section */
		11603D442B7CC87500AEB598 /* Main.storyboard */ = {
			isa = PBXVariantGroup;
			children = (
				11603D452B7CC87500AEB598 /* Base */,
			);
			name = Main.storyboard;
			sourceTree = "<group>";
		};
		11603D492B7CC87600AEB598 /* LaunchScreen.storyboard */ = {
			isa = PBXVariantGroup;
			children = (
				11603D4A2B7CC87600AEB598 /* Base */,
			);
			name = LaunchScreen.storyboard;
			sourceTree = "<group>";
		};
/* End PBXVariantGroup section */

/* Begin XCBuildConfiguration section */
		11603D4D2B7CC87700AEB598 /* Debug */ = {
			isa = XCBuildConfiguration;
			buildSettings = {
				ALWAYS_SEARCH_USER_PATHS = NO;
				ASSETCATALOG_COMPILER_GENERATE_SWIFT_ASSET_SYMBOL_EXTENSIONS = YES;
				CLANG_ANALYZER_NONNULL = YES;
				CLANG_ANALYZER_NUMBER_OBJECT_CONVERSION = YES_AGGRESSIVE;
				CLANG_CXX_LANGUAGE_STANDARD = "gnu++20";
				CLANG_ENABLE_MODULES = YES;
				CLANG_ENABLE_OBJC_ARC = YES;
				CLANG_ENABLE_OBJC_WEAK = YES;
				CLANG_WARN_BLOCK_CAPTURE_AUTORELEASING = YES;
				CLANG_WARN_BOOL_CONVERSION = YES;
				CLANG_WARN_COMMA = YES;
				CLANG_WARN_CONSTANT_CONVERSION = YES;
				CLANG_WARN_DEPRECATED_OBJC_IMPLEMENTATIONS = YES;
				CLANG_WARN_DIRECT_OBJC_ISA_USAGE = YES_ERROR;
				CLANG_WARN_DOCUMENTATION_COMMENTS = YES;
				CLANG_WARN_EMPTY_BODY = YES;
				CLANG_WARN_ENUM_CONVERSION = YES;
				CLANG_WARN_INFINITE_RECURSION = YES;
				CLANG_WARN_INT_CONVERSION = YES;
				CLANG_WARN_NON_LITERAL_NULL_CONVERSION = YES;
				CLANG_WARN_OBJC_IMPLICIT_RETAIN_SELF = YES;
				CLANG_WARN_OBJC_LITERAL_CONVERSION = YES;
				CLANG_WARN_OBJC_ROOT_CLASS = YES_ERROR;
				CLANG_WARN_QUOTED_INCLUDE_IN_FRAMEWORK_HEADER = YES;
				CLANG_WARN_RANGE_LOOP_ANALYSIS = YES;
				CLANG_WARN_STRICT_PROTOTYPES = YES;
				CLANG_WARN_SUSPICIOUS_MOVE = YES;
				CLANG_WARN_UNGUARDED_AVAILABILITY = YES_AGGRESSIVE;
				CLANG_WARN_UNREACHABLE_CODE = YES;
				CLANG_WARN__DUPLICATE_METHOD_MATCH = YES;
				COPY_PHASE_STRIP = NO;
				DEBUG_INFORMATION_FORMAT = dwarf;
				ENABLE_STRICT_OBJC_MSGSEND = YES;
				ENABLE_TESTABILITY = YES;
				ENABLE_USER_SCRIPT_SANDBOXING = YES;
				GCC_C_LANGUAGE_STANDARD = gnu17;
				GCC_DYNAMIC_NO_PIC = NO;
				GCC_NO_COMMON_BLOCKS = YES;
				GCC_OPTIMIZATION_LEVEL = 0;
				GCC_PREPROCESSOR_DEFINITIONS = (
					"DEBUG=1",
					"$(inherited)",
				);
				GCC_WARN_64_TO_32_BIT_CONVERSION = YES;
				GCC_WARN_ABOUT_RETURN_TYPE = YES_ERROR;
				GCC_WARN_UNDECLARED_SELECTOR = YES;
				GCC_WARN_UNINITIALIZED_AUTOS = YES_AGGRESSIVE;
				GCC_WARN_UNUSED_FUNCTION = YES;
				GCC_WARN_UNUSED_VARIABLE = YES;
				IPHONEOS_DEPLOYMENT_TARGET = 17.2;
				LOCALIZATION_PREFERS_STRING_CATALOGS = YES;
				MTL_ENABLE_DEBUG_INFO = INCLUDE_SOURCE;
				MTL_FAST_MATH = YES;
				ONLY_ACTIVE_ARCH = YES;
				SDKROOT = iphoneos;
				SWIFT_ACTIVE_COMPILATION_CONDITIONS = "DEBUG $(inherited)";
				SWIFT_OPTIMIZATION_LEVEL = "-Onone";
			};
			name = Debug;
		};
		11603D4E2B7CC87700AEB598 /* Release */ = {
			isa = XCBuildConfiguration;
			buildSettings = {
				ALWAYS_SEARCH_USER_PATHS = NO;
				ASSETCATALOG_COMPILER_GENERATE_SWIFT_ASSET_SYMBOL_EXTENSIONS = YES;
				CLANG_ANALYZER_NONNULL = YES;
				CLANG_ANALYZER_NUMBER_OBJECT_CONVERSION = YES_AGGRESSIVE;
				CLANG_CXX_LANGUAGE_STANDARD = "gnu++20";
				CLANG_ENABLE_MODULES = YES;
				CLANG_ENABLE_OBJC_ARC = YES;
				CLANG_ENABLE_OBJC_WEAK = YES;
				CLANG_WARN_BLOCK_CAPTURE_AUTORELEASING = YES;
				CLANG_WARN_BOOL_CONVERSION = YES;
				CLANG_WARN_COMMA = YES;
				CLANG_WARN_CONSTANT_CONVERSION = YES;
				CLANG_WARN_DEPRECATED_OBJC_IMPLEMENTATIONS = YES;
				CLANG_WARN_DIRECT_OBJC_ISA_USAGE = YES_ERROR;
				CLANG_WARN_DOCUMENTATION_COMMENTS = YES;
				CLANG_WARN_EMPTY_BODY = YES;
				CLANG_WARN_ENUM_CONVERSION = YES;
				CLANG_WARN_INFINITE_RECURSION = YES;
				CLANG_WARN_INT_CONVERSION = YES;
				CLANG_WARN_NON_LITERAL_NULL_CONVERSION = YES;
				CLANG_WARN_OBJC_IMPLICIT_RETAIN_SELF = YES;
				CLANG_WARN_OBJC_LITERAL_CONVERSION = YES;
				CLANG_WARN_OBJC_ROOT_CLASS = YES_ERROR;
				CLANG_WARN_QUOTED_INCLUDE_IN_FRAMEWORK_HEADER = YES;
				CLANG_WARN_RANGE_LOOP_ANALYSIS = YES;
				CLANG_WARN_STRICT_PROTOTYPES = YES;
				CLANG_WARN_SUSPICIOUS_MOVE = YES;
				CLANG_WARN_UNGUARDED_AVAILABILITY = YES_AGGRESSIVE;
				CLANG_WARN_UNREACHABLE_CODE = YES;
				CLANG_WARN__DUPLICATE_METHOD_MATCH = YES;
				COPY_PHASE_STRIP = NO;
				DEBUG_INFORMATION_FORMAT = "dwarf-with-dsym";
				ENABLE_NS_ASSERTIONS = NO;
				ENABLE_STRICT_OBJC_MSGSEND = YES;
				ENABLE_USER_SCRIPT_SANDBOXING = YES;
				GCC_C_LANGUAGE_STANDARD = gnu17;
				GCC_NO_COMMON_BLOCKS = YES;
				GCC_WARN_64_TO_32_BIT_CONVERSION = YES;
				GCC_WARN_ABOUT_RETURN_TYPE = YES_ERROR;
				GCC_WARN_UNDECLARED_SELECTOR = YES;
				GCC_WARN_UNINITIALIZED_AUTOS = YES_AGGRESSIVE;
				GCC_WARN_UNUSED_FUNCTION = YES;
				GCC_WARN_UNUSED_VARIABLE = YES;
				IPHONEOS_DEPLOYMENT_TARGET = 17.2;
				LOCALIZATION_PREFERS_STRING_CATALOGS = YES;
				MTL_ENABLE_DEBUG_INFO = NO;
				MTL_FAST_MATH = YES;
				SDKROOT = iphoneos;
				SWIFT_COMPILATION_MODE = wholemodule;
				VALIDATE_PRODUCT = YES;
			};
			name = Release;
		};
		11603D502B7CC87700AEB598 /* Debug */ = {
			isa = XCBuildConfiguration;
			buildSettings = {
				ASSETCATALOG_COMPILER_APPICON_NAME = AppIcon;
				ASSETCATALOG_COMPILER_GLOBAL_ACCENT_COLOR_NAME = AccentColor;
				CODE_SIGN_STYLE = Automatic;
				CURRENT_PROJECT_VERSION = 1;
				GENERATE_INFOPLIST_FILE = YES;
				INFOPLIST_FILE = GetirApp/Info.plist;
				INFOPLIST_KEY_CFBundleDisplayName = Getir;
				INFOPLIST_KEY_UIApplicationSupportsIndirectInputEvents = YES;
				INFOPLIST_KEY_UILaunchStoryboardName = LaunchScreen;
				INFOPLIST_KEY_UIMainStoryboardFile = Main;
				INFOPLIST_KEY_UISupportedInterfaceOrientations_iPad = "UIInterfaceOrientationPortrait UIInterfaceOrientationPortraitUpsideDown UIInterfaceOrientationLandscapeLeft UIInterfaceOrientationLandscapeRight";
				INFOPLIST_KEY_UISupportedInterfaceOrientations_iPhone = "UIInterfaceOrientationPortrait UIInterfaceOrientationLandscapeLeft UIInterfaceOrientationLandscapeRight";
				LD_RUNPATH_SEARCH_PATHS = (
					"$(inherited)",
					"@executable_path/Frameworks",
				);
				MARKETING_VERSION = 1.0;
				PRODUCT_BUNDLE_IDENTIFIER = com.info.GetirApp;
				PRODUCT_NAME = "$(TARGET_NAME)";
				SWIFT_EMIT_LOC_STRINGS = YES;
				SWIFT_VERSION = 5.0;
				TARGETED_DEVICE_FAMILY = "1,2";
			};
			name = Debug;
		};
		11603D512B7CC87700AEB598 /* Release */ = {
			isa = XCBuildConfiguration;
			buildSettings = {
				ASSETCATALOG_COMPILER_APPICON_NAME = AppIcon;
				ASSETCATALOG_COMPILER_GLOBAL_ACCENT_COLOR_NAME = AccentColor;
				CODE_SIGN_STYLE = Automatic;
				CURRENT_PROJECT_VERSION = 1;
				GENERATE_INFOPLIST_FILE = YES;
				INFOPLIST_FILE = GetirApp/Info.plist;
				INFOPLIST_KEY_CFBundleDisplayName = Getir;
				INFOPLIST_KEY_UIApplicationSupportsIndirectInputEvents = YES;
				INFOPLIST_KEY_UILaunchStoryboardName = LaunchScreen;
				INFOPLIST_KEY_UIMainStoryboardFile = Main;
				INFOPLIST_KEY_UISupportedInterfaceOrientations_iPad = "UIInterfaceOrientationPortrait UIInterfaceOrientationPortraitUpsideDown UIInterfaceOrientationLandscapeLeft UIInterfaceOrientationLandscapeRight";
				INFOPLIST_KEY_UISupportedInterfaceOrientations_iPhone = "UIInterfaceOrientationPortrait UIInterfaceOrientationLandscapeLeft UIInterfaceOrientationLandscapeRight";
				LD_RUNPATH_SEARCH_PATHS = (
					"$(inherited)",
					"@executable_path/Frameworks",
				);
				MARKETING_VERSION = 1.0;
				PRODUCT_BUNDLE_IDENTIFIER = com.info.GetirApp;
				PRODUCT_NAME = "$(TARGET_NAME)";
				SWIFT_EMIT_LOC_STRINGS = YES;
				SWIFT_VERSION = 5.0;
				TARGETED_DEVICE_FAMILY = "1,2";
			};
			name = Release;
		};
/* End XCBuildConfiguration section */

/* Begin XCConfigurationList section */
		11603D362B7CC87400AEB598 /* Build configuration list for PBXProject "GetirApp" */ = {
			isa = XCConfigurationList;
			buildConfigurations = (
				11603D4D2B7CC87700AEB598 /* Debug */,
				11603D4E2B7CC87700AEB598 /* Release */,
			);
			defaultConfigurationIsVisible = 0;
			defaultConfigurationName = Release;
		};
		11603D4F2B7CC87700AEB598 /* Build configuration list for PBXNativeTarget "GetirApp" */ = {
			isa = XCConfigurationList;
			buildConfigurations = (
				11603D502B7CC87700AEB598 /* Debug */,
				11603D512B7CC87700AEB598 /* Release */,
			);
			defaultConfigurationIsVisible = 0;
			defaultConfigurationName = Release;
		};
/* End XCConfigurationList section */
	};
	rootObject = 11603D332B7CC87400AEB598 /* Project object */;
}
